// !$*UTF8*$!
{
	archiveVersion = 1;
	classes = {
	};
	objectVersion = 55;
	objects = {

/* Begin PBXBuildFile section */
		3BB1C87427AD5AEC002EB2DB /* AppDelegate.swift in Sources */ = {isa = PBXBuildFile; fileRef = 3BB1C87327AD5AEC002EB2DB /* AppDelegate.swift */; };
		3BB1C87627AD5AEC002EB2DB /* SceneDelegate.swift in Sources */ = {isa = PBXBuildFile; fileRef = 3BB1C87527AD5AEC002EB2DB /* SceneDelegate.swift */; };
		3BB1C87827AD5AEC002EB2DB /* ViewController.swift in Sources */ = {isa = PBXBuildFile; fileRef = 3BB1C87727AD5AEC002EB2DB /* ViewController.swift */; };
		3BB1C87B27AD5AEC002EB2DB /* Main.storyboard in Resources */ = {isa = PBXBuildFile; fileRef = 3BB1C87927AD5AEC002EB2DB /* Main.storyboard */; };
		3BB1C87D27AD5AED002EB2DB /* Assets.xcassets in Resources */ = {isa = PBXBuildFile; fileRef = 3BB1C87C27AD5AED002EB2DB /* Assets.xcassets */; };
		3BB1C88027AD5AED002EB2DB /* LaunchScreen.storyboard in Resources */ = {isa = PBXBuildFile; fileRef = 3BB1C87E27AD5AED002EB2DB /* LaunchScreen.storyboard */; };
		3BB1C88827AD5F43002EB2DB /* OverCurrentViewController.swift in Sources */ = {isa = PBXBuildFile; fileRef = 3BB1C88727AD5F43002EB2DB /* OverCurrentViewController.swift */; };
		3BB1C89227AD7380002EB2DB /* VerticalSwipeDismissAnimator.swift in Sources */ = {isa = PBXBuildFile; fileRef = 3BB1C89127AD7380002EB2DB /* VerticalSwipeDismissAnimator.swift */; };
/* End PBXBuildFile section */

/* Begin PBXFileReference section */
		3BB1C87027AD5AEC002EB2DB /* VerticalSwipeTransition.app */ = {isa = PBXFileReference; explicitFileType = wrapper.application; includeInIndex = 0; path = VerticalSwipeTransition.app; sourceTree = BUILT_PRODUCTS_DIR; };
		3BB1C87327AD5AEC002EB2DB /* AppDelegate.swift */ = {isa = PBXFileReference; lastKnownFileType = sourcecode.swift; path = AppDelegate.swift; sourceTree = "<group>"; };
		3BB1C87527AD5AEC002EB2DB /* SceneDelegate.swift */ = {isa = PBXFileReference; lastKnownFileType = sourcecode.swift; path = SceneDelegate.swift; sourceTree = "<group>"; };
		3BB1C87727AD5AEC002EB2DB /* ViewController.swift */ = {isa = PBXFileReference; lastKnownFileType = sourcecode.swift; path = ViewController.swift; sourceTree = "<group>"; };
		3BB1C87A27AD5AEC002EB2DB /* Base */ = {isa = PBXFileReference; lastKnownFileType = file.storyboard; name = Base; path = Base.lproj/Main.storyboard; sourceTree = "<group>"; };
		3BB1C87C27AD5AED002EB2DB /* Assets.xcassets */ = {isa = PBXFileReference; lastKnownFileType = folder.assetcatalog; path = Assets.xcassets; sourceTree = "<group>"; };
		3BB1C87F27AD5AED002EB2DB /* Base */ = {isa = PBXFileReference; lastKnownFileType = file.storyboard; name = Base; path = Base.lproj/LaunchScreen.storyboard; sourceTree = "<group>"; };
		3BB1C88127AD5AED002EB2DB /* Info.plist */ = {isa = PBXFileReference; lastKnownFileType = text.plist.xml; path = Info.plist; sourceTree = "<group>"; };
		3BB1C88727AD5F43002EB2DB /* OverCurrentViewController.swift */ = {isa = PBXFileReference; lastKnownFileType = sourcecode.swift; path = OverCurrentViewController.swift; sourceTree = "<group>"; };
		3BB1C89127AD7380002EB2DB /* VerticalSwipeDismissAnimator.swift */ = {isa = PBXFileReference; lastKnownFileType = sourcecode.swift; path = VerticalSwipeDismissAnimator.swift; sourceTree = "<group>"; };
/* End PBXFileReference section */

/* Begin PBXFrameworksBuildPhase section */
		3BB1C86D27AD5AEC002EB2DB /* Frameworks */ = {
			isa = PBXFrameworksBuildPhase;
			buildActionMask = 2147483647;
			files = (
			);
			runOnlyForDeploymentPostprocessing = 0;
		};
/* End PBXFrameworksBuildPhase section */

/* Begin PBXGroup section */
		3BB1C86727AD5AEC002EB2DB = {
			isa = PBXGroup;
			children = (
				3BB1C87227AD5AEC002EB2DB /* VerticalSwipeTransition */,
				3BB1C87127AD5AEC002EB2DB /* Products */,
			);
			sourceTree = "<group>";
		};
		3BB1C87127AD5AEC002EB2DB /* Products */ = {
			isa = PBXGroup;
			children = (
				3BB1C87027AD5AEC002EB2DB /* VerticalSwipeTransition.app */,
			);
			name = Products;
			sourceTree = "<group>";
		};
		3BB1C87227AD5AEC002EB2DB /* VerticalSwipeTransition */ = {
			isa = PBXGroup;
			children = (
				3BB1C87327AD5AEC002EB2DB /* AppDelegate.swift */,
				3BB1C87527AD5AEC002EB2DB /* SceneDelegate.swift */,
				3BB1C87727AD5AEC002EB2DB /* ViewController.swift */,
				3BB1C88727AD5F43002EB2DB /* OverCurrentViewController.swift */,
				3BB1C89127AD7380002EB2DB /* VerticalSwipeDismissAnimator.swift */,
				3BB1C87927AD5AEC002EB2DB /* Main.storyboard */,
				3BB1C87C27AD5AED002EB2DB /* Assets.xcassets */,
				3BB1C87E27AD5AED002EB2DB /* LaunchScreen.storyboard */,
				3BB1C88127AD5AED002EB2DB /* Info.plist */,
			);
			path = VerticalSwipeTransition;
			sourceTree = "<group>";
		};
/* End PBXGroup section */

/* Begin PBXNativeTarget section */
		3BB1C86F27AD5AEC002EB2DB /* VerticalSwipeTransition */ = {
			isa = PBXNativeTarget;
			buildConfigurationList = 3BB1C88427AD5AED002EB2DB /* Build configuration list for PBXNativeTarget "VerticalSwipeTransition" */;
			buildPhases = (
				3BB1C86C27AD5AEC002EB2DB /* Sources */,
				3BB1C86D27AD5AEC002EB2DB /* Frameworks */,
				3BB1C86E27AD5AEC002EB2DB /* Resources */,
			);
			buildRules = (
			);
			dependencies = (
			);
			name = VerticalSwipeTransition;
			productName = VerticalSwipeTransition;
			productReference = 3BB1C87027AD5AEC002EB2DB /* VerticalSwipeTransition.app */;
			productType = "com.apple.product-type.application";
		};
/* End PBXNativeTarget section */

/* Begin PBXProject section */
		3BB1C86827AD5AEC002EB2DB /* Project object */ = {
			isa = PBXProject;
			attributes = {
				BuildIndependentTargetsInParallel = 1;
				LastSwiftUpdateCheck = 1320;
				LastUpgradeCheck = 1320;
				TargetAttributes = {
					3BB1C86F27AD5AEC002EB2DB = {
						CreatedOnToolsVersion = 13.2.1;
					};
				};
			};
			buildConfigurationList = 3BB1C86B27AD5AEC002EB2DB /* Build configuration list for PBXProject "VerticalSwipeTransition" */;
			compatibilityVersion = "Xcode 13.0";
			developmentRegion = en;
			hasScannedForEncodings = 0;
			knownRegions = (
				en,
				Base,
			);
			mainGroup = 3BB1C86727AD5AEC002EB2DB;
			productRefGroup = 3BB1C87127AD5AEC002EB2DB /* Products */;
			projectDirPath = "";
			projectRoot = "";
			targets = (
				3BB1C86F27AD5AEC002EB2DB /* VerticalSwipeTransition */,
			);
		};
/* End PBXProject section */

/* Begin PBXResourcesBuildPhase section */
		3BB1C86E27AD5AEC002EB2DB /* Resources */ = {
			isa = PBXResourcesBuildPhase;
			buildActionMask = 2147483647;
			files = (
				3BB1C88027AD5AED002EB2DB /* LaunchScreen.storyboard in Resources */,
				3BB1C87D27AD5AED002EB2DB /* Assets.xcassets in Resources */,
				3BB1C87B27AD5AEC002EB2DB /* Main.storyboard in Resources */,
			);
			runOnlyForDeploymentPostprocessing = 0;
		};
/* End PBXResourcesBuildPhase section */

/* Begin PBXSourcesBuildPhase section */
		3BB1C86C27AD5AEC002EB2DB /* Sources */ = {
			isa = PBXSourcesBuildPhase;
			buildActionMask = 2147483647;
			files = (
				3BB1C88827AD5F43002EB2DB /* OverCurrentViewController.swift in Sources */,
				3BB1C87827AD5AEC002EB2DB /* ViewController.swift in Sources */,
				3BB1C87427AD5AEC002EB2DB /* AppDelegate.swift in Sources */,
				3BB1C89227AD7380002EB2DB /* VerticalSwipeDismissAnimator.swift in Sources */,
				3BB1C87627AD5AEC002EB2DB /* SceneDelegate.swift in Sources */,
			);
			runOnlyForDeploymentPostprocessing = 0;
		};
/* End PBXSourcesBuildPhase section */

/* Begin PBXVariantGroup section */
		3BB1C87927AD5AEC002EB2DB /* Main.storyboard */ = {
			isa = PBXVariantGroup;
			children = (
				3BB1C87A27AD5AEC002EB2DB /* Base */,
			);
			name = Main.storyboard;
			sourceTree = "<group>";
		};
		3BB1C87E27AD5AED002EB2DB /* LaunchScreen.storyboard */ = {
			isa = PBXVariantGroup;
			children = (
				3BB1C87F27AD5AED002EB2DB /* Base */,
			);
			name = LaunchScreen.storyboard;
			sourceTree = "<group>";
		};
/* End PBXVariantGroup section */

/* Begin XCBuildConfiguration section */
		3BB1C88227AD5AED002EB2DB /* Debug */ = {
			isa = XCBuildConfiguration;
			buildSettings = {
				ALWAYS_SEARCH_USER_PATHS = NO;
				CLANG_ANALYZER_NONNULL = YES;
				CLANG_ANALYZER_NUMBER_OBJECT_CONVERSION = YES_AGGRESSIVE;
				CLANG_CXX_LANGUAGE_STANDARD = "gnu++17";
				CLANG_CXX_LIBRARY = "libc++";
				CLANG_ENABLE_MODULES = YES;
				CLANG_ENABLE_OBJC_ARC = YES;
				CLANG_ENABLE_OBJC_WEAK = YES;
				CLANG_WARN_BLOCK_CAPTURE_AUTORELEASING = YES;
				CLANG_WARN_BOOL_CONVERSION = YES;
				CLANG_WARN_COMMA = YES;
				CLANG_WARN_CONSTANT_CONVERSION = YES;
				CLANG_WARN_DEPRECATED_OBJC_IMPLEMENTATIONS = YES;
				CLANG_WARN_DIRECT_OBJC_ISA_USAGE = YES_ERROR;
				CLANG_WARN_DOCUMENTATION_COMMENTS = YES;
				CLANG_WARN_EMPTY_BODY = YES;
				CLANG_WARN_ENUM_CONVERSION = YES;
				CLANG_WARN_INFINITE_RECURSION = YES;
				CLANG_WARN_INT_CONVERSION = YES;
				CLANG_WARN_NON_LITERAL_NULL_CONVERSION = YES;
				CLANG_WARN_OBJC_IMPLICIT_RETAIN_SELF = YES;
				CLANG_WARN_OBJC_LITERAL_CONVERSION = YES;
				CLANG_WARN_OBJC_ROOT_CLASS = YES_ERROR;
				CLANG_WARN_QUOTED_INCLUDE_IN_FRAMEWORK_HEADER = YES;
				CLANG_WARN_RANGE_LOOP_ANALYSIS = YES;
				CLANG_WARN_STRICT_PROTOTYPES = YES;
				CLANG_WARN_SUSPICIOUS_MOVE = YES;
				CLANG_WARN_UNGUARDED_AVAILABILITY = YES_AGGRESSIVE;
				CLANG_WARN_UNREACHABLE_CODE = YES;
				CLANG_WARN__DUPLICATE_METHOD_MATCH = YES;
				COPY_PHASE_STRIP = NO;
				DEBUG_INFORMATION_FORMAT = dwarf;
				ENABLE_STRICT_OBJC_MSGSEND = YES;
				ENABLE_TESTABILITY = YES;
				GCC_C_LANGUAGE_STANDARD = gnu11;
				GCC_DYNAMIC_NO_PIC = NO;
				GCC_NO_COMMON_BLOCKS = YES;
				GCC_OPTIMIZATION_LEVEL = 0;
				GCC_PREPROCESSOR_DEFINITIONS = (
					"DEBUG=1",
					"$(inherited)",
				);
				GCC_WARN_64_TO_32_BIT_CONVERSION = YES;
				GCC_WARN_ABOUT_RETURN_TYPE = YES_ERROR;
				GCC_WARN_UNDECLARED_SELECTOR = YES;
				GCC_WARN_UNINITIALIZED_AUTOS = YES_AGGRESSIVE;
				GCC_WARN_UNUSED_FUNCTION = YES;
				GCC_WARN_UNUSED_VARIABLE = YES;
				IPHONEOS_DEPLOYMENT_TARGET = 15.2;
				MTL_ENABLE_DEBUG_INFO = INCLUDE_SOURCE;
				MTL_FAST_MATH = YES;
				ONLY_ACTIVE_ARCH = YES;
				SDKROOT = iphoneos;
				SWIFT_ACTIVE_COMPILATION_CONDITIONS = DEBUG;
				SWIFT_OPTIMIZATION_LEVEL = "-Onone";
			};
			name = Debug;
		};
		3BB1C88327AD5AED002EB2DB /* Release */ = {
			isa = XCBuildConfiguration;
			buildSettings = {
				ALWAYS_SEARCH_USER_PATHS = NO;
				CLANG_ANALYZER_NONNULL = YES;
				CLANG_ANALYZER_NUMBER_OBJECT_CONVERSION = YES_AGGRESSIVE;
				CLANG_CXX_LANGUAGE_STANDARD = "gnu++17";
				CLANG_CXX_LIBRARY = "libc++";
				CLANG_ENABLE_MODULES = YES;
				CLANG_ENABLE_OBJC_ARC = YES;
				CLANG_ENABLE_OBJC_WEAK = YES;
				CLANG_WARN_BLOCK_CAPTURE_AUTORELEASING = YES;
				CLANG_WARN_BOOL_CONVERSION = YES;
				CLANG_WARN_COMMA = YES;
				CLANG_WARN_CONSTANT_CONVERSION = YES;
				CLANG_WARN_DEPRECATED_OBJC_IMPLEMENTATIONS = YES;
				CLANG_WARN_DIRECT_OBJC_ISA_USAGE = YES_ERROR;
				CLANG_WARN_DOCUMENTATION_COMMENTS = YES;
				CLANG_WARN_EMPTY_BODY = YES;
				CLANG_WARN_ENUM_CONVERSION = YES;
				CLANG_WARN_INFINITE_RECURSION = YES;
				CLANG_WARN_INT_CONVERSION = YES;
				CLANG_WARN_NON_LITERAL_NULL_CONVERSION = YES;
				CLANG_WARN_OBJC_IMPLICIT_RETAIN_SELF = YES;
				CLANG_WARN_OBJC_LITERAL_CONVERSION = YES;
				CLANG_WARN_OBJC_ROOT_CLASS = YES_ERROR;
				CLANG_WARN_QUOTED_INCLUDE_IN_FRAMEWORK_HEADER = YES;
				CLANG_WARN_RANGE_LOOP_ANALYSIS = YES;
				CLANG_WARN_STRICT_PROTOTYPES = YES;
				CLANG_WARN_SUSPICIOUS_MOVE = YES;
				CLANG_WARN_UNGUARDED_AVAILABILITY = YES_AGGRESSIVE;
				CLANG_WARN_UNREACHABLE_CODE = YES;
				CLANG_WARN__DUPLICATE_METHOD_MATCH = YES;
				COPY_PHASE_STRIP = NO;
				DEBUG_INFORMATION_FORMAT = "dwarf-with-dsym";
				ENABLE_NS_ASSERTIONS = NO;
				ENABLE_STRICT_OBJC_MSGSEND = YES;
				GCC_C_LANGUAGE_STANDARD = gnu11;
				GCC_NO_COMMON_BLOCKS = YES;
				GCC_WARN_64_TO_32_BIT_CONVERSION = YES;
				GCC_WARN_ABOUT_RETURN_TYPE = YES_ERROR;
				GCC_WARN_UNDECLARED_SELECTOR = YES;
				GCC_WARN_UNINITIALIZED_AUTOS = YES_AGGRESSIVE;
				GCC_WARN_UNUSED_FUNCTION = YES;
				GCC_WARN_UNUSED_VARIABLE = YES;
				IPHONEOS_DEPLOYMENT_TARGET = 15.2;
				MTL_ENABLE_DEBUG_INFO = NO;
				MTL_FAST_MATH = YES;
				SDKROOT = iphoneos;
				SWIFT_COMPILATION_MODE = wholemodule;
				SWIFT_OPTIMIZATION_LEVEL = "-O";
				VALIDATE_PRODUCT = YES;
			};
			name = Release;
		};
		3BB1C88527AD5AED002EB2DB /* Debug */ = {
			isa = XCBuildConfiguration;
			buildSettings = {
				ASSETCATALOG_COMPILER_APPICON_NAME = AppIcon;
				ASSETCATALOG_COMPILER_GLOBAL_ACCENT_COLOR_NAME = AccentColor;
				CODE_SIGN_STYLE = Automatic;
				CURRENT_PROJECT_VERSION = 1;
				GENERATE_INFOPLIST_FILE = YES;
				INFOPLIST_FILE = VerticalSwipeTransition/Info.plist;
				INFOPLIST_KEY_UIApplicationSupportsIndirectInputEvents = YES;
				INFOPLIST_KEY_UILaunchStoryboardName = LaunchScreen;
				INFOPLIST_KEY_UIMainStoryboardFile = Main;
				INFOPLIST_KEY_UISupportedInterfaceOrientations_iPad = "UIInterfaceOrientationPortrait UIInterfaceOrientationPortraitUpsideDown UIInterfaceOrientationLandscapeLeft UIInterfaceOrientationLandscapeRight";
				INFOPLIST_KEY_UISupportedInterfaceOrientations_iPhone = "UIInterfaceOrientationPortrait UIInterfaceOrientationLandscapeLeft UIInterfaceOrientationLandscapeRight";
				LD_RUNPATH_SEARCH_PATHS = (
					"$(inherited)",
					"@executable_path/Frameworks",
				);
				MARKETING_VERSION = 1.0;
				PRODUCT_BUNDLE_IDENTIFIER = com.example.VerticalSwipeTransition;
				PRODUCT_NAME = "$(TARGET_NAME)";
				SWIFT_EMIT_LOC_STRINGS = YES;
				SWIFT_VERSION = 5.0;
				TARGETED_DEVICE_FAMILY = "1,2";
			};
			name = Debug;
		};
		3BB1C88627AD5AED002EB2DB /* Release */ = {
			isa = XCBuildConfiguration;
			buildSettings = {
				ASSETCATALOG_COMPILER_APPICON_NAME = AppIcon;
				ASSETCATALOG_COMPILER_GLOBAL_ACCENT_COLOR_NAME = AccentColor;
				CODE_SIGN_STYLE = Automatic;
				CURRENT_PROJECT_VERSION = 1;
				GENERATE_INFOPLIST_FILE = YES;
				INFOPLIST_FILE = VerticalSwipeTransition/Info.plist;
				INFOPLIST_KEY_UIApplicationSupportsIndirectInputEvents = YES;
				INFOPLIST_KEY_UILaunchStoryboardName = LaunchScreen;
				INFOPLIST_KEY_UIMainStoryboardFile = Main;
				INFOPLIST_KEY_UISupportedInterfaceOrientations_iPad = "UIInterfaceOrientationPortrait UIInterfaceOrientationPortraitUpsideDown UIInterfaceOrientationLandscapeLeft UIInterfaceOrientationLandscapeRight";
				INFOPLIST_KEY_UISupportedInterfaceOrientations_iPhone = "UIInterfaceOrientationPortrait UIInterfaceOrientationLandscapeLeft UIInterfaceOrientationLandscapeRight";
				LD_RUNPATH_SEARCH_PATHS = (
					"$(inherited)",
					"@executable_path/Frameworks",
				);
				MARKETING_VERSION = 1.0;
				PRODUCT_BUNDLE_IDENTIFIER = com.example.VerticalSwipeTransition;
				PRODUCT_NAME = "$(TARGET_NAME)";
				SWIFT_EMIT_LOC_STRINGS = YES;
				SWIFT_VERSION = 5.0;
				TARGETED_DEVICE_FAMILY = "1,2";
			};
			name = Release;
		};
/* End XCBuildConfiguration section */

/* Begin XCConfigurationList section */
		3BB1C86B27AD5AEC002EB2DB /* Build configuration list for PBXProject "VerticalSwipeTransition" */ = {
			isa = XCConfigurationList;
			buildConfigurations = (
				3BB1C88227AD5AED002EB2DB /* Debug */,
				3BB1C88327AD5AED002EB2DB /* Release */,
			);
			defaultConfigurationIsVisible = 0;
			defaultConfigurationName = Release;
		};
		3BB1C88427AD5AED002EB2DB /* Build configuration list for PBXNativeTarget "VerticalSwipeTransition" */ = {
			isa = XCConfigurationList;
			buildConfigurations = (
				3BB1C88527AD5AED002EB2DB /* Debug */,
				3BB1C88627AD5AED002EB2DB /* Release */,
			);
			defaultConfigurationIsVisible = 0;
			defaultConfigurationName = Release;
		};
/* End XCConfigurationList section */
	};
	rootObject = 3BB1C86827AD5AEC002EB2DB /* Project object */;
}
